
Microsoft Visual Studio Solution File, Format Version 12.00
# Visual Studio 15
VisualStudioVersion = 15.0.26730.15
MinimumVisualStudioVersion = 10.0.40219.1
Project("{FAE04EC0-301F-11D3-BF4B-00C04F79EFBC}") = "WF_Try", "WF_Try\WF_Try.csproj", "{DBCAA839-6C50-420F-BBA1-258BA46D149B}"
EndProject
Global
	GlobalSection(SolutionConfigurationPlatforms) = preSolution
		Debug|Any CPU = Debug|Any CPU
		Release|Any CPU = Release|Any CPU
	EndGlobalSection
	GlobalSection(ProjectConfigurationPlatforms) = postSolution
		{DBCAA839-6C50-420F-BBA1-258BA46D149B}.Debug|Any CPU.ActiveCfg = Debug|Any CPU
		{DBCAA839-6C50-420F-BBA1-258BA46D149B}.Debug|Any CPU.Build.0 = Debug|Any CPU
		{DBCAA839-6C50-420F-BBA1-258BA46D149B}.Release|Any CPU.ActiveCfg = Release|Any CPU
		{DBCAA839-6C50-420F-BBA1-258BA46D149B}.Release|Any CPU.Build.0 = Release|Any CPU
	EndGlobalSection
	GlobalSection(SolutionProperties) = preSolution
		HideSolutionNode = FALSE
	EndGlobalSection
	GlobalSection(ExtensibilityGlobals) = postSolution
		SolutionGuid = {33C6288A-2B59-4277-ACAF-BB38F4528257}
	EndGlobalSection
EndGlobal
